{
  "name": "AWSmicroservices",
  "lockfileVersion": 3,
  "requires": true,
  "packages": {
    "": {
      "dependencies": {
        "pkce-challenge": "^5.0.0"
      }
    },
    "node_modules/pkce-challenge": {
      "version": "5.0.0",
      "resolved": "https://registry.npmjs.org/pkce-challenge/-/pkce-challenge-5.0.0.tgz",
      "integrity": "sha512-ueGLflrrnvwB3xuo/uGob5pd5FN7l0MsLf0Z87o/UQmRtwjvfylfc9MurIxRAWywCYTgrvpXBcqjV4OfCYGCIQ==",
      "license": "MIT",
      "engines": {
        "node": ">=16.20.0"
      }
    }
  }
}
